
Microsoft Visual Studio Solution File, Format Version 12.00
# Visual Studio Version 17
VisualStudioVersion = 17.14.36511.14 d17.14
MinimumVisualStudioVersion = 10.0.40219.1
Project("{FAE04EC0-301F-11D3-BF4B-00C04F79EFBC}") = "ExamenGrupalIntegracion", "ExamenGrupalIntegracion\ExamenGrupalIntegracion.csproj", "{CE59C217-8CCC-4C45-97A0-96B2F8D3FCBD}"
EndProject
Global
	GlobalSection(SolutionConfigurationPlatforms) = preSolution
		Debug|Any CPU = Debug|Any CPU
		Release|Any CPU = Release|Any CPU
	EndGlobalSection
	GlobalSection(ProjectConfigurationPlatforms) = postSolution
		{CE59C217-8CCC-4C45-97A0-96B2F8D3FCBD}.Debug|Any CPU.ActiveCfg = Debug|Any CPU
		{CE59C217-8CCC-4C45-97A0-96B2F8D3FCBD}.Debug|Any CPU.Build.0 = Debug|Any CPU
		{CE59C217-8CCC-4C45-97A0-96B2F8D3FCBD}.Release|Any CPU.ActiveCfg = Release|Any CPU
		{CE59C217-8CCC-4C45-97A0-96B2F8D3FCBD}.Release|Any CPU.Build.0 = Release|Any CPU
	EndGlobalSection
	GlobalSection(SolutionProperties) = preSolution
		HideSolutionNode = FALSE
	EndGlobalSection
	GlobalSection(ExtensibilityGlobals) = postSolution
		SolutionGuid = {0426E1E8-064F-4FF3-9BB1-9149405422FA}
	EndGlobalSection
EndGlobal
